<?xml version="1.0" encoding="UTF-8" standalone="yes" ?>
<CodeBlocks_project_file>
	<FileVersion major="1" minor="6" />
	<Project>
		<Option title="1erParcial" />
		<Option pch_mode="2" />
		<Option compiler="gcc" />
		<Build>
			<Target title="Debug">
				<Option output="bin/Debug/1erParcial" prefix_auto="1" extension_auto="1" />
				<Option object_output="obj/Debug/" />
				<Option type="1" />
				<Option compiler="gcc" />
				<Compiler>
					<Add option="-g" />
				</Compiler>
			</Target>
			<Target title="Release">
				<Option output="bin/Release/1erParcial" prefix_auto="1" extension_auto="1" />
				<Option object_output="obj/Release/" />
				<Option type="1" />
				<Option compiler="gcc" />
				<Compiler>
					<Add option="-O2" />
				</Compiler>
				<Linker>
					<Add option="-s" />
				</Linker>
			</Target>
		</Build>
		<Compiler>
			<Add option="-Wall" />
			<Add directory="../include" />
		</Compiler>
		<Linker>
			<Add option="-Xlinker --start-group" />
			<Add option="-lUtilitarias" />
			<Add option="-lColaImplEstatica" />
			<Add option="-lArchivo" />
			<Add option="-Xlinker --end-group" />
			<Add directory="../lib" />
		</Linker>
		<Unit filename="../include/Archivo.h" />
		<Unit filename="../include/Cadena.h" />
		<Unit filename="../include/Cola.h" />
		<Unit filename="../include/Defs.h" />
		<Unit filename="../include/Tipos.h" />
		<Unit filename="../include/Utilitarias.h" />
		<Unit filename="Archivo.c">
			<Option compilerVar="CC" />
		</Unit>
		<Unit filename="Cola.c">
			<Option compilerVar="CC" />
		</Unit>
		<Unit filename="main.c">
			<Option compilerVar="CC" />
		</Unit>
		<Extensions>
			<code_completion />
			<envvars />
			<debugger />
			<lib_finder disable_auto="1" />
		</Extensions>
	</Project>
</CodeBlocks_project_file>
